
Microsoft Visual Studio Solution File, Format Version 12.00
# Visual Studio Version 17
VisualStudioVersion = 17.4.33110.190
MinimumVisualStudioVersion = 10.0.40219.1
Project("{9A19103F-16F7-4668-BE54-9A1E7A4F7556}") = "Pedantic", "Pedantic\Pedantic.csproj", "{3C1AE2F8-7C00-4C43-814A-527426846994}"
EndProject
Project("{9A19103F-16F7-4668-BE54-9A1E7A4F7556}") = "Pedantic.UnitTests", "Pedantic.UnitTests\Pedantic.UnitTests.csproj", "{63C6C3C6-F845-403D-8D31-BC7BAEF38B18}"
EndProject
Project("{9A19103F-16F7-4668-BE54-9A1E7A4F7556}") = "Pedantic.Chess", "Pedantic.Chess\Pedantic.Chess.csproj", "{B2AB01E7-626D-41CD-BC9E-0D476BC37124}"
EndProject
Project("{9A19103F-16F7-4668-BE54-9A1E7A4F7556}") = "Pedantic.Collections", "Pedantic.Collections\Pedantic.Collections.csproj", "{5A826140-2E8C-4F0F-8B26-8300D4EC8E87}"
EndProject
Project("{9A19103F-16F7-4668-BE54-9A1E7A4F7556}") = "Pedantic.Utilities", "Pedantic.Utilities\Pedantic.Utilities.csproj", "{2E5AA9BB-77D3-4C43-A529-59082A07C4F9}"
EndProject
Project("{9A19103F-16F7-4668-BE54-9A1E7A4F7556}") = "Pedantic.Genetics", "Pedantic.Genetics\Pedantic.Genetics.csproj", "{015EB49D-6E62-49DF-B7A4-AAA55E644E11}"
EndProject
Project("{2150E333-8FDC-42A3-9474-1A3956D46DE8}") = "Solution Items", "Solution Items", "{2C4FFB48-1730-492F-81A4-1C895F7562FA}"
	ProjectSection(SolutionItems) = preProject
		LICENSE.txt = LICENSE.txt
		README.md = README.md
	EndProjectSection
EndProject
Project("{8BC9CEB8-8B4A-11D0-8D11-00A0C91BC942}") = "Pedantic.Tablebase", "Pedantic.Tablebase\Pedantic.Tablebase.vcxproj", "{03258002-C760-48E2-9EA7-EF22F9664547}"
EndProject
Global
	GlobalSection(SolutionConfigurationPlatforms) = preSolution
		Debug|Any CPU = Debug|Any CPU
		Debug|x64 = Debug|x64
		Debug|x86 = Debug|x86
		Release|Any CPU = Release|Any CPU
		Release|x64 = Release|x64
		Release|x86 = Release|x86
	EndGlobalSection
	GlobalSection(ProjectConfigurationPlatforms) = postSolution
		{3C1AE2F8-7C00-4C43-814A-527426846994}.Debug|Any CPU.ActiveCfg = Debug|Any CPU
		{3C1AE2F8-7C00-4C43-814A-527426846994}.Debug|Any CPU.Build.0 = Debug|Any CPU
		{3C1AE2F8-7C00-4C43-814A-527426846994}.Debug|x64.ActiveCfg = Debug|x64
		{3C1AE2F8-7C00-4C43-814A-527426846994}.Debug|x64.Build.0 = Debug|x64
		{3C1AE2F8-7C00-4C43-814A-527426846994}.Debug|x86.ActiveCfg = Debug|Any CPU
		{3C1AE2F8-7C00-4C43-814A-527426846994}.Debug|x86.Build.0 = Debug|Any CPU
		{3C1AE2F8-7C00-4C43-814A-527426846994}.Release|Any CPU.ActiveCfg = Release|Any CPU
		{3C1AE2F8-7C00-4C43-814A-527426846994}.Release|Any CPU.Build.0 = Release|Any CPU
		{3C1AE2F8-7C00-4C43-814A-527426846994}.Release|x64.ActiveCfg = Release|x64
		{3C1AE2F8-7C00-4C43-814A-527426846994}.Release|x64.Build.0 = Release|x64
		{3C1AE2F8-7C00-4C43-814A-527426846994}.Release|x86.ActiveCfg = Release|Any CPU
		{3C1AE2F8-7C00-4C43-814A-527426846994}.Release|x86.Build.0 = Release|Any CPU
		{63C6C3C6-F845-403D-8D31-BC7BAEF38B18}.Debug|Any CPU.ActiveCfg = Debug|Any CPU
		{63C6C3C6-F845-403D-8D31-BC7BAEF38B18}.Debug|Any CPU.Build.0 = Debug|Any CPU
		{63C6C3C6-F845-403D-8D31-BC7BAEF38B18}.Debug|x64.ActiveCfg = Debug|x64
		{63C6C3C6-F845-403D-8D31-BC7BAEF38B18}.Debug|x64.Build.0 = Debug|x64
		{63C6C3C6-F845-403D-8D31-BC7BAEF38B18}.Debug|x86.ActiveCfg = Debug|Any CPU
		{63C6C3C6-F845-403D-8D31-BC7BAEF38B18}.Debug|x86.Build.0 = Debug|Any CPU
		{63C6C3C6-F845-403D-8D31-BC7BAEF38B18}.Release|Any CPU.ActiveCfg = Release|Any CPU
		{63C6C3C6-F845-403D-8D31-BC7BAEF38B18}.Release|Any CPU.Build.0 = Release|Any CPU
		{63C6C3C6-F845-403D-8D31-BC7BAEF38B18}.Release|x64.ActiveCfg = Release|x64
		{63C6C3C6-F845-403D-8D31-BC7BAEF38B18}.Release|x64.Build.0 = Release|x64
		{63C6C3C6-F845-403D-8D31-BC7BAEF38B18}.Release|x86.ActiveCfg = Release|Any CPU
		{63C6C3C6-F845-403D-8D31-BC7BAEF38B18}.Release|x86.Build.0 = Release|Any CPU
		{B2AB01E7-626D-41CD-BC9E-0D476BC37124}.Debug|Any CPU.ActiveCfg = Debug|Any CPU
		{B2AB01E7-626D-41CD-BC9E-0D476BC37124}.Debug|Any CPU.Build.0 = Debug|Any CPU
		{B2AB01E7-626D-41CD-BC9E-0D476BC37124}.Debug|x64.ActiveCfg = Debug|x64
		{B2AB01E7-626D-41CD-BC9E-0D476BC37124}.Debug|x64.Build.0 = Debug|x64
		{B2AB01E7-626D-41CD-BC9E-0D476BC37124}.Debug|x86.ActiveCfg = Debug|Any CPU
		{B2AB01E7-626D-41CD-BC9E-0D476BC37124}.Debug|x86.Build.0 = Debug|Any CPU
		{B2AB01E7-626D-41CD-BC9E-0D476BC37124}.Release|Any CPU.ActiveCfg = Release|Any CPU
		{B2AB01E7-626D-41CD-BC9E-0D476BC37124}.Release|Any CPU.Build.0 = Release|Any CPU
		{B2AB01E7-626D-41CD-BC9E-0D476BC37124}.Release|x64.ActiveCfg = Release|x64
		{B2AB01E7-626D-41CD-BC9E-0D476BC37124}.Release|x64.Build.0 = Release|x64
		{B2AB01E7-626D-41CD-BC9E-0D476BC37124}.Release|x86.ActiveCfg = Release|Any CPU
		{B2AB01E7-626D-41CD-BC9E-0D476BC37124}.Release|x86.Build.0 = Release|Any CPU
		{5A826140-2E8C-4F0F-8B26-8300D4EC8E87}.Debug|Any CPU.ActiveCfg = Debug|Any CPU
		{5A826140-2E8C-4F0F-8B26-8300D4EC8E87}.Debug|Any CPU.Build.0 = Debug|Any CPU
		{5A826140-2E8C-4F0F-8B26-8300D4EC8E87}.Debug|x64.ActiveCfg = Debug|x64
		{5A826140-2E8C-4F0F-8B26-8300D4EC8E87}.Debug|x64.Build.0 = Debug|x64
		{5A826140-2E8C-4F0F-8B26-8300D4EC8E87}.Debug|x86.ActiveCfg = Debug|Any CPU
		{5A826140-2E8C-4F0F-8B26-8300D4EC8E87}.Debug|x86.Build.0 = Debug|Any CPU
		{5A826140-2E8C-4F0F-8B26-8300D4EC8E87}.Release|Any CPU.ActiveCfg = Release|Any CPU
		{5A826140-2E8C-4F0F-8B26-8300D4EC8E87}.Release|Any CPU.Build.0 = Release|Any CPU
		{5A826140-2E8C-4F0F-8B26-8300D4EC8E87}.Release|x64.ActiveCfg = Release|x64
		{5A826140-2E8C-4F0F-8B26-8300D4EC8E87}.Release|x64.Build.0 = Release|x64
		{5A826140-2E8C-4F0F-8B26-8300D4EC8E87}.Release|x86.ActiveCfg = Release|Any CPU
		{5A826140-2E8C-4F0F-8B26-8300D4EC8E87}.Release|x86.Build.0 = Release|Any CPU
		{2E5AA9BB-77D3-4C43-A529-59082A07C4F9}.Debug|Any CPU.ActiveCfg = Debug|Any CPU
		{2E5AA9BB-77D3-4C43-A529-59082A07C4F9}.Debug|Any CPU.Build.0 = Debug|Any CPU
		{2E5AA9BB-77D3-4C43-A529-59082A07C4F9}.Debug|x64.ActiveCfg = Debug|x64
		{2E5AA9BB-77D3-4C43-A529-59082A07C4F9}.Debug|x64.Build.0 = Debug|x64
		{2E5AA9BB-77D3-4C43-A529-59082A07C4F9}.Debug|x86.ActiveCfg = Debug|Any CPU
		{2E5AA9BB-77D3-4C43-A529-59082A07C4F9}.Debug|x86.Build.0 = Debug|Any CPU
		{2E5AA9BB-77D3-4C43-A529-59082A07C4F9}.Release|Any CPU.ActiveCfg = Release|Any CPU
		{2E5AA9BB-77D3-4C43-A529-59082A07C4F9}.Release|Any CPU.Build.0 = Release|Any CPU
		{2E5AA9BB-77D3-4C43-A529-59082A07C4F9}.Release|x64.ActiveCfg = Release|x64
		{2E5AA9BB-77D3-4C43-A529-59082A07C4F9}.Release|x64.Build.0 = Release|x64
		{2E5AA9BB-77D3-4C43-A529-59082A07C4F9}.Release|x86.ActiveCfg = Release|Any CPU
		{2E5AA9BB-77D3-4C43-A529-59082A07C4F9}.Release|x86.Build.0 = Release|Any CPU
		{015EB49D-6E62-49DF-B7A4-AAA55E644E11}.Debug|Any CPU.ActiveCfg = Debug|Any CPU
		{015EB49D-6E62-49DF-B7A4-AAA55E644E11}.Debug|Any CPU.Build.0 = Debug|Any CPU
		{015EB49D-6E62-49DF-B7A4-AAA55E644E11}.Debug|x64.ActiveCfg = Debug|x64
		{015EB49D-6E62-49DF-B7A4-AAA55E644E11}.Debug|x64.Build.0 = Debug|x64
		{015EB49D-6E62-49DF-B7A4-AAA55E644E11}.Debug|x86.ActiveCfg = Debug|Any CPU
		{015EB49D-6E62-49DF-B7A4-AAA55E644E11}.Debug|x86.Build.0 = Debug|Any CPU
		{015EB49D-6E62-49DF-B7A4-AAA55E644E11}.Release|Any CPU.ActiveCfg = Release|Any CPU
		{015EB49D-6E62-49DF-B7A4-AAA55E644E11}.Release|Any CPU.Build.0 = Release|Any CPU
		{015EB49D-6E62-49DF-B7A4-AAA55E644E11}.Release|x64.ActiveCfg = Release|x64
		{015EB49D-6E62-49DF-B7A4-AAA55E644E11}.Release|x64.Build.0 = Release|x64
		{015EB49D-6E62-49DF-B7A4-AAA55E644E11}.Release|x86.ActiveCfg = Release|Any CPU
		{015EB49D-6E62-49DF-B7A4-AAA55E644E11}.Release|x86.Build.0 = Release|Any CPU
		{03258002-C760-48E2-9EA7-EF22F9664547}.Debug|Any CPU.ActiveCfg = Debug|x64
		{03258002-C760-48E2-9EA7-EF22F9664547}.Debug|Any CPU.Build.0 = Debug|x64
		{03258002-C760-48E2-9EA7-EF22F9664547}.Debug|x64.ActiveCfg = Debug|x64
		{03258002-C760-48E2-9EA7-EF22F9664547}.Debug|x64.Build.0 = Debug|x64
		{03258002-C760-48E2-9EA7-EF22F9664547}.Debug|x86.ActiveCfg = Debug|Win32
		{03258002-C760-48E2-9EA7-EF22F9664547}.Debug|x86.Build.0 = Debug|Win32
		{03258002-C760-48E2-9EA7-EF22F9664547}.Release|Any CPU.ActiveCfg = Release|x64
		{03258002-C760-48E2-9EA7-EF22F9664547}.Release|Any CPU.Build.0 = Release|x64
		{03258002-C760-48E2-9EA7-EF22F9664547}.Release|x64.ActiveCfg = Release|x64
		{03258002-C760-48E2-9EA7-EF22F9664547}.Release|x64.Build.0 = Release|x64
		{03258002-C760-48E2-9EA7-EF22F9664547}.Release|x86.ActiveCfg = Release|Win32
		{03258002-C760-48E2-9EA7-EF22F9664547}.Release|x86.Build.0 = Release|Win32
	EndGlobalSection
	GlobalSection(SolutionProperties) = preSolution
		HideSolutionNode = FALSE
	EndGlobalSection
	GlobalSection(ExtensibilityGlobals) = postSolution
		SolutionGuid = {55219186-C91C-4AE4-9C03-AC05BD592C66}
	EndGlobalSection
EndGlobal
